
Microsoft Visual Studio Solution File, Format Version 12.00
# Visual Studio 15
Project("{FAE04EC0-301F-11D3-BF4B-00C04F79EFBC}") = "Enum", "Enum\Enum.csproj", "{8ECEA80B-BCED-4B01-A0E3-CC9BF7574583}"
EndProject
Global
	GlobalSection(SolutionConfigurationPlatforms) = preSolution
		Debug|Any CPU = Debug|Any CPU
		Release|Any CPU = Release|Any CPU
	EndGlobalSection
	GlobalSection(ProjectConfigurationPlatforms) = postSolution
		{8ECEA80B-BCED-4B01-A0E3-CC9BF7574583}.Debug|Any CPU.ActiveCfg = Debug|Any CPU
		{8ECEA80B-BCED-4B01-A0E3-CC9BF7574583}.Debug|Any CPU.Build.0 = Debug|Any CPU
		{8ECEA80B-BCED-4B01-A0E3-CC9BF7574583}.Release|Any CPU.ActiveCfg = Release|Any CPU
		{8ECEA80B-BCED-4B01-A0E3-CC9BF7574583}.Release|Any CPU.Build.0 = Release|Any CPU
	EndGlobalSection
EndGlobal
