
Microsoft Visual Studio Solution File, Format Version 12.00
# Visual Studio 15
Project("{FAE04EC0-301F-11D3-BF4B-00C04F79EFBC}") = "Conditionals", "Conditionals\Conditionals.csproj", "{888E362E-40A8-4BD0-8630-3DAF5241B77F}"
EndProject
Global
	GlobalSection(SolutionConfigurationPlatforms) = preSolution
		Debug|Any CPU = Debug|Any CPU
		Release|Any CPU = Release|Any CPU
	EndGlobalSection
	GlobalSection(ProjectConfigurationPlatforms) = postSolution
		{888E362E-40A8-4BD0-8630-3DAF5241B77F}.Debug|Any CPU.ActiveCfg = Debug|Any CPU
		{888E362E-40A8-4BD0-8630-3DAF5241B77F}.Debug|Any CPU.Build.0 = Debug|Any CPU
		{888E362E-40A8-4BD0-8630-3DAF5241B77F}.Release|Any CPU.ActiveCfg = Release|Any CPU
		{888E362E-40A8-4BD0-8630-3DAF5241B77F}.Release|Any CPU.Build.0 = Release|Any CPU
	EndGlobalSection
EndGlobal
